
Microsoft Visual Studio Solution File, Format Version 12.00
# Visual Studio Version 16
VisualStudioVersion = 16.0.30204.135
MinimumVisualStudioVersion = 10.0.40219.1
Project("{FAE04EC0-301F-11D3-BF4B-00C04F79EFBC}") = "Zaznaczenie", "Zaznaczenie.csproj", "{47B8D0A9-0C69-4998-A826-33ED344D02BC}"
EndProject
Project("{FAE04EC0-301F-11D3-BF4B-00C04F79EFBC}") = "Wyszukiwarka", "..\Wyszukiwarka\Wyszukiwarka.csproj", "{E28270E0-7309-4E76-8CF8-9C9485483102}"
EndProject
Project("{FAE04EC0-301F-11D3-BF4B-00C04F79EFBC}") = "Parzyste", "..\Parzyste\Parzyste.csproj", "{10B61961-73F4-4954-B6FE-EB202A95527B}"
EndProject
Project("{FAE04EC0-301F-11D3-BF4B-00C04F79EFBC}") = "ZnakLiczby2", "..\ZnakLiczby2\ZnakLiczby2.csproj", "{AB21A4EE-D448-4F4D-84B7-D2836E9027FB}"
EndProject
Project("{FAE04EC0-301F-11D3-BF4B-00C04F79EFBC}") = "RokPrzestepny", "..\RokPrzestepny\RokPrzestepny.csproj", "{9330C5B0-600B-4890-B1E2-04FB27C0A655}"
EndProject
Global
	GlobalSection(SolutionConfigurationPlatforms) = preSolution
		Debug|Any CPU = Debug|Any CPU
		Release|Any CPU = Release|Any CPU
	EndGlobalSection
	GlobalSection(ProjectConfigurationPlatforms) = postSolution
		{47B8D0A9-0C69-4998-A826-33ED344D02BC}.Debug|Any CPU.ActiveCfg = Debug|Any CPU
		{47B8D0A9-0C69-4998-A826-33ED344D02BC}.Debug|Any CPU.Build.0 = Debug|Any CPU
		{47B8D0A9-0C69-4998-A826-33ED344D02BC}.Release|Any CPU.ActiveCfg = Release|Any CPU
		{47B8D0A9-0C69-4998-A826-33ED344D02BC}.Release|Any CPU.Build.0 = Release|Any CPU
		{E28270E0-7309-4E76-8CF8-9C9485483102}.Debug|Any CPU.ActiveCfg = Debug|Any CPU
		{E28270E0-7309-4E76-8CF8-9C9485483102}.Debug|Any CPU.Build.0 = Debug|Any CPU
		{E28270E0-7309-4E76-8CF8-9C9485483102}.Release|Any CPU.ActiveCfg = Release|Any CPU
		{E28270E0-7309-4E76-8CF8-9C9485483102}.Release|Any CPU.Build.0 = Release|Any CPU
		{10B61961-73F4-4954-B6FE-EB202A95527B}.Debug|Any CPU.ActiveCfg = Debug|Any CPU
		{10B61961-73F4-4954-B6FE-EB202A95527B}.Debug|Any CPU.Build.0 = Debug|Any CPU
		{10B61961-73F4-4954-B6FE-EB202A95527B}.Release|Any CPU.ActiveCfg = Release|Any CPU
		{10B61961-73F4-4954-B6FE-EB202A95527B}.Release|Any CPU.Build.0 = Release|Any CPU
		{AB21A4EE-D448-4F4D-84B7-D2836E9027FB}.Debug|Any CPU.ActiveCfg = Debug|Any CPU
		{AB21A4EE-D448-4F4D-84B7-D2836E9027FB}.Debug|Any CPU.Build.0 = Debug|Any CPU
		{AB21A4EE-D448-4F4D-84B7-D2836E9027FB}.Release|Any CPU.ActiveCfg = Release|Any CPU
		{AB21A4EE-D448-4F4D-84B7-D2836E9027FB}.Release|Any CPU.Build.0 = Release|Any CPU
		{9330C5B0-600B-4890-B1E2-04FB27C0A655}.Debug|Any CPU.ActiveCfg = Debug|Any CPU
		{9330C5B0-600B-4890-B1E2-04FB27C0A655}.Debug|Any CPU.Build.0 = Debug|Any CPU
		{9330C5B0-600B-4890-B1E2-04FB27C0A655}.Release|Any CPU.ActiveCfg = Release|Any CPU
		{9330C5B0-600B-4890-B1E2-04FB27C0A655}.Release|Any CPU.Build.0 = Release|Any CPU
	EndGlobalSection
	GlobalSection(SolutionProperties) = preSolution
		HideSolutionNode = FALSE
	EndGlobalSection
	GlobalSection(ExtensibilityGlobals) = postSolution
		SolutionGuid = {D952C3F1-8A38-4DD3-B227-194D738E695E}
	EndGlobalSection
EndGlobal
